
Microsoft Visual Studio Solution File, Format Version 12.00
# Visual Studio 15
VisualStudioVersion = 15.0.28307.106
MinimumVisualStudioVersion = 10.0.40219.1
Project("{FAE04EC0-301F-11D3-BF4B-00C04F79EFBC}") = "mPoker.Android", "mPoker\mPoker.Android\mPoker.Android.csproj", "{893421E6-BF28-43F7-95DE-910A1C4223CC}"
EndProject
Project("{FAE04EC0-301F-11D3-BF4B-00C04F79EFBC}") = "mPoker.iOS", "mPoker\mPoker.iOS\mPoker.iOS.csproj", "{D9975D49-E05A-41C2-A721-3CAE65287BB6}"
EndProject
Project("{FAE04EC0-301F-11D3-BF4B-00C04F79EFBC}") = "mPoker", "mPoker\mPoker\mPoker.csproj", "{5A30E72A-1953-43ED-BC43-40330ABEE696}"
EndProject
Global
	GlobalSection(SolutionConfigurationPlatforms) = preSolution
		Ad-Hoc|Any CPU = Ad-Hoc|Any CPU
		Ad-Hoc|iPhone = Ad-Hoc|iPhone
		Ad-Hoc|iPhoneSimulator = Ad-Hoc|iPhoneSimulator
		AppStore|Any CPU = AppStore|Any CPU
		AppStore|iPhone = AppStore|iPhone
		AppStore|iPhoneSimulator = AppStore|iPhoneSimulator
		Debug|Any CPU = Debug|Any CPU
		Debug|iPhone = Debug|iPhone
		Debug|iPhoneSimulator = Debug|iPhoneSimulator
		Release|Any CPU = Release|Any CPU
		Release|iPhone = Release|iPhone
		Release|iPhoneSimulator = Release|iPhoneSimulator
	EndGlobalSection
	GlobalSection(ProjectConfigurationPlatforms) = postSolution
		{893421E6-BF28-43F7-95DE-910A1C4223CC}.Ad-Hoc|Any CPU.ActiveCfg = Release|Any CPU
		{893421E6-BF28-43F7-95DE-910A1C4223CC}.Ad-Hoc|Any CPU.Build.0 = Release|Any CPU
		{893421E6-BF28-43F7-95DE-910A1C4223CC}.Ad-Hoc|Any CPU.Deploy.0 = Release|Any CPU
		{893421E6-BF28-43F7-95DE-910A1C4223CC}.Ad-Hoc|iPhone.ActiveCfg = Release|Any CPU
		{893421E6-BF28-43F7-95DE-910A1C4223CC}.Ad-Hoc|iPhone.Build.0 = Release|Any CPU
		{893421E6-BF28-43F7-95DE-910A1C4223CC}.Ad-Hoc|iPhone.Deploy.0 = Release|Any CPU
		{893421E6-BF28-43F7-95DE-910A1C4223CC}.Ad-Hoc|iPhoneSimulator.ActiveCfg = Release|Any CPU
		{893421E6-BF28-43F7-95DE-910A1C4223CC}.Ad-Hoc|iPhoneSimulator.Build.0 = Release|Any CPU
		{893421E6-BF28-43F7-95DE-910A1C4223CC}.Ad-Hoc|iPhoneSimulator.Deploy.0 = Release|Any CPU
		{893421E6-BF28-43F7-95DE-910A1C4223CC}.AppStore|Any CPU.ActiveCfg = Release|Any CPU
		{893421E6-BF28-43F7-95DE-910A1C4223CC}.AppStore|Any CPU.Build.0 = Release|Any CPU
		{893421E6-BF28-43F7-95DE-910A1C4223CC}.AppStore|Any CPU.Deploy.0 = Release|Any CPU
		{893421E6-BF28-43F7-95DE-910A1C4223CC}.AppStore|iPhone.ActiveCfg = Release|Any CPU
		{893421E6-BF28-43F7-95DE-910A1C4223CC}.AppStore|iPhone.Build.0 = Release|Any CPU
		{893421E6-BF28-43F7-95DE-910A1C4223CC}.AppStore|iPhone.Deploy.0 = Release|Any CPU
		{893421E6-BF28-43F7-95DE-910A1C4223CC}.AppStore|iPhoneSimulator.ActiveCfg = Release|Any CPU
		{893421E6-BF28-43F7-95DE-910A1C4223CC}.AppStore|iPhoneSimulator.Build.0 = Release|Any CPU
		{893421E6-BF28-43F7-95DE-910A1C4223CC}.AppStore|iPhoneSimulator.Deploy.0 = Release|Any CPU
		{893421E6-BF28-43F7-95DE-910A1C4223CC}.Debug|Any CPU.ActiveCfg = Debug|Any CPU
		{893421E6-BF28-43F7-95DE-910A1C4223CC}.Debug|Any CPU.Build.0 = Debug|Any CPU
		{893421E6-BF28-43F7-95DE-910A1C4223CC}.Debug|Any CPU.Deploy.0 = Debug|Any CPU
		{893421E6-BF28-43F7-95DE-910A1C4223CC}.Debug|iPhone.ActiveCfg = Debug|Any CPU
		{893421E6-BF28-43F7-95DE-910A1C4223CC}.Debug|iPhone.Build.0 = Debug|Any CPU
		{893421E6-BF28-43F7-95DE-910A1C4223CC}.Debug|iPhone.Deploy.0 = Debug|Any CPU
		{893421E6-BF28-43F7-95DE-910A1C4223CC}.Debug|iPhoneSimulator.ActiveCfg = Debug|Any CPU
		{893421E6-BF28-43F7-95DE-910A1C4223CC}.Debug|iPhoneSimulator.Build.0 = Debug|Any CPU
		{893421E6-BF28-43F7-95DE-910A1C4223CC}.Debug|iPhoneSimulator.Deploy.0 = Debug|Any CPU
		{893421E6-BF28-43F7-95DE-910A1C4223CC}.Release|Any CPU.ActiveCfg = Release|Any CPU
		{893421E6-BF28-43F7-95DE-910A1C4223CC}.Release|Any CPU.Build.0 = Release|Any CPU
		{893421E6-BF28-43F7-95DE-910A1C4223CC}.Release|Any CPU.Deploy.0 = Release|Any CPU
		{893421E6-BF28-43F7-95DE-910A1C4223CC}.Release|iPhone.ActiveCfg = Release|Any CPU
		{893421E6-BF28-43F7-95DE-910A1C4223CC}.Release|iPhone.Build.0 = Release|Any CPU
		{893421E6-BF28-43F7-95DE-910A1C4223CC}.Release|iPhone.Deploy.0 = Release|Any CPU
		{893421E6-BF28-43F7-95DE-910A1C4223CC}.Release|iPhoneSimulator.ActiveCfg = Release|Any CPU
		{893421E6-BF28-43F7-95DE-910A1C4223CC}.Release|iPhoneSimulator.Build.0 = Release|Any CPU
		{893421E6-BF28-43F7-95DE-910A1C4223CC}.Release|iPhoneSimulator.Deploy.0 = Release|Any CPU
		{D9975D49-E05A-41C2-A721-3CAE65287BB6}.Ad-Hoc|Any CPU.ActiveCfg = Ad-Hoc|iPhone
		{D9975D49-E05A-41C2-A721-3CAE65287BB6}.Ad-Hoc|Any CPU.Build.0 = Ad-Hoc|iPhone
		{D9975D49-E05A-41C2-A721-3CAE65287BB6}.Ad-Hoc|Any CPU.Deploy.0 = Ad-Hoc|iPhone
		{D9975D49-E05A-41C2-A721-3CAE65287BB6}.Ad-Hoc|iPhone.ActiveCfg = Ad-Hoc|iPhone
		{D9975D49-E05A-41C2-A721-3CAE65287BB6}.Ad-Hoc|iPhone.Build.0 = Ad-Hoc|iPhone
		{D9975D49-E05A-41C2-A721-3CAE65287BB6}.Ad-Hoc|iPhone.Deploy.0 = Ad-Hoc|iPhone
		{D9975D49-E05A-41C2-A721-3CAE65287BB6}.Ad-Hoc|iPhoneSimulator.ActiveCfg = Ad-Hoc|iPhoneSimulator
		{D9975D49-E05A-41C2-A721-3CAE65287BB6}.Ad-Hoc|iPhoneSimulator.Build.0 = Ad-Hoc|iPhoneSimulator
		{D9975D49-E05A-41C2-A721-3CAE65287BB6}.Ad-Hoc|iPhoneSimulator.Deploy.0 = Ad-Hoc|iPhoneSimulator
		{D9975D49-E05A-41C2-A721-3CAE65287BB6}.AppStore|Any CPU.ActiveCfg = AppStore|iPhone
		{D9975D49-E05A-41C2-A721-3CAE65287BB6}.AppStore|Any CPU.Build.0 = AppStore|iPhone
		{D9975D49-E05A-41C2-A721-3CAE65287BB6}.AppStore|Any CPU.Deploy.0 = AppStore|iPhone
		{D9975D49-E05A-41C2-A721-3CAE65287BB6}.AppStore|iPhone.ActiveCfg = AppStore|iPhone
		{D9975D49-E05A-41C2-A721-3CAE65287BB6}.AppStore|iPhone.Build.0 = AppStore|iPhone
		{D9975D49-E05A-41C2-A721-3CAE65287BB6}.AppStore|iPhone.Deploy.0 = AppStore|iPhone
		{D9975D49-E05A-41C2-A721-3CAE65287BB6}.AppStore|iPhoneSimulator.ActiveCfg = AppStore|iPhoneSimulator
		{D9975D49-E05A-41C2-A721-3CAE65287BB6}.AppStore|iPhoneSimulator.Build.0 = AppStore|iPhoneSimulator
		{D9975D49-E05A-41C2-A721-3CAE65287BB6}.AppStore|iPhoneSimulator.Deploy.0 = AppStore|iPhoneSimulator
		{D9975D49-E05A-41C2-A721-3CAE65287BB6}.Debug|Any CPU.ActiveCfg = Debug|iPhoneSimulator
		{D9975D49-E05A-41C2-A721-3CAE65287BB6}.Debug|Any CPU.Build.0 = Debug|iPhoneSimulator
		{D9975D49-E05A-41C2-A721-3CAE65287BB6}.Debug|Any CPU.Deploy.0 = Debug|iPhoneSimulator
		{D9975D49-E05A-41C2-A721-3CAE65287BB6}.Debug|iPhone.ActiveCfg = Debug|iPhone
		{D9975D49-E05A-41C2-A721-3CAE65287BB6}.Debug|iPhone.Build.0 = Debug|iPhone
		{D9975D49-E05A-41C2-A721-3CAE65287BB6}.Debug|iPhone.Deploy.0 = Debug|iPhone
		{D9975D49-E05A-41C2-A721-3CAE65287BB6}.Debug|iPhoneSimulator.ActiveCfg = Debug|iPhoneSimulator
		{D9975D49-E05A-41C2-A721-3CAE65287BB6}.Debug|iPhoneSimulator.Build.0 = Debug|iPhoneSimulator
		{D9975D49-E05A-41C2-A721-3CAE65287BB6}.Debug|iPhoneSimulator.Deploy.0 = Debug|iPhoneSimulator
		{D9975D49-E05A-41C2-A721-3CAE65287BB6}.Release|Any CPU.ActiveCfg = Release|iPhone
		{D9975D49-E05A-41C2-A721-3CAE65287BB6}.Release|Any CPU.Build.0 = Release|iPhone
		{D9975D49-E05A-41C2-A721-3CAE65287BB6}.Release|Any CPU.Deploy.0 = Release|iPhone
		{D9975D49-E05A-41C2-A721-3CAE65287BB6}.Release|iPhone.ActiveCfg = Release|iPhone
		{D9975D49-E05A-41C2-A721-3CAE65287BB6}.Release|iPhone.Build.0 = Release|iPhone
		{D9975D49-E05A-41C2-A721-3CAE65287BB6}.Release|iPhone.Deploy.0 = Release|iPhone
		{D9975D49-E05A-41C2-A721-3CAE65287BB6}.Release|iPhoneSimulator.ActiveCfg = Release|iPhoneSimulator
		{D9975D49-E05A-41C2-A721-3CAE65287BB6}.Release|iPhoneSimulator.Build.0 = Release|iPhoneSimulator
		{D9975D49-E05A-41C2-A721-3CAE65287BB6}.Release|iPhoneSimulator.Deploy.0 = Release|iPhoneSimulator
		{5A30E72A-1953-43ED-BC43-40330ABEE696}.Ad-Hoc|Any CPU.ActiveCfg = Debug|Any CPU
		{5A30E72A-1953-43ED-BC43-40330ABEE696}.Ad-Hoc|Any CPU.Build.0 = Debug|Any CPU
		{5A30E72A-1953-43ED-BC43-40330ABEE696}.Ad-Hoc|Any CPU.Deploy.0 = Debug|Any CPU
		{5A30E72A-1953-43ED-BC43-40330ABEE696}.Ad-Hoc|iPhone.ActiveCfg = Debug|Any CPU
		{5A30E72A-1953-43ED-BC43-40330ABEE696}.Ad-Hoc|iPhone.Build.0 = Debug|Any CPU
		{5A30E72A-1953-43ED-BC43-40330ABEE696}.Ad-Hoc|iPhone.Deploy.0 = Debug|Any CPU
		{5A30E72A-1953-43ED-BC43-40330ABEE696}.Ad-Hoc|iPhoneSimulator.ActiveCfg = Debug|Any CPU
		{5A30E72A-1953-43ED-BC43-40330ABEE696}.Ad-Hoc|iPhoneSimulator.Build.0 = Debug|Any CPU
		{5A30E72A-1953-43ED-BC43-40330ABEE696}.Ad-Hoc|iPhoneSimulator.Deploy.0 = Debug|Any CPU
		{5A30E72A-1953-43ED-BC43-40330ABEE696}.AppStore|Any CPU.ActiveCfg = Debug|Any CPU
		{5A30E72A-1953-43ED-BC43-40330ABEE696}.AppStore|Any CPU.Build.0 = Debug|Any CPU
		{5A30E72A-1953-43ED-BC43-40330ABEE696}.AppStore|Any CPU.Deploy.0 = Debug|Any CPU
		{5A30E72A-1953-43ED-BC43-40330ABEE696}.AppStore|iPhone.ActiveCfg = Debug|Any CPU
		{5A30E72A-1953-43ED-BC43-40330ABEE696}.AppStore|iPhone.Build.0 = Debug|Any CPU
		{5A30E72A-1953-43ED-BC43-40330ABEE696}.AppStore|iPhone.Deploy.0 = Debug|Any CPU
		{5A30E72A-1953-43ED-BC43-40330ABEE696}.AppStore|iPhoneSimulator.ActiveCfg = Debug|Any CPU
		{5A30E72A-1953-43ED-BC43-40330ABEE696}.AppStore|iPhoneSimulator.Build.0 = Debug|Any CPU
		{5A30E72A-1953-43ED-BC43-40330ABEE696}.AppStore|iPhoneSimulator.Deploy.0 = Debug|Any CPU
		{5A30E72A-1953-43ED-BC43-40330ABEE696}.Debug|Any CPU.ActiveCfg = Debug|Any CPU
		{5A30E72A-1953-43ED-BC43-40330ABEE696}.Debug|Any CPU.Build.0 = Debug|Any CPU
		{5A30E72A-1953-43ED-BC43-40330ABEE696}.Debug|Any CPU.Deploy.0 = Debug|Any CPU
		{5A30E72A-1953-43ED-BC43-40330ABEE696}.Debug|iPhone.ActiveCfg = Debug|Any CPU
		{5A30E72A-1953-43ED-BC43-40330ABEE696}.Debug|iPhone.Build.0 = Debug|Any CPU
		{5A30E72A-1953-43ED-BC43-40330ABEE696}.Debug|iPhone.Deploy.0 = Debug|Any CPU
		{5A30E72A-1953-43ED-BC43-40330ABEE696}.Debug|iPhoneSimulator.ActiveCfg = Debug|Any CPU
		{5A30E72A-1953-43ED-BC43-40330ABEE696}.Debug|iPhoneSimulator.Build.0 = Debug|Any CPU
		{5A30E72A-1953-43ED-BC43-40330ABEE696}.Debug|iPhoneSimulator.Deploy.0 = Debug|Any CPU
		{5A30E72A-1953-43ED-BC43-40330ABEE696}.Release|Any CPU.ActiveCfg = Release|Any CPU
		{5A30E72A-1953-43ED-BC43-40330ABEE696}.Release|Any CPU.Build.0 = Release|Any CPU
		{5A30E72A-1953-43ED-BC43-40330ABEE696}.Release|Any CPU.Deploy.0 = Release|Any CPU
		{5A30E72A-1953-43ED-BC43-40330ABEE696}.Release|iPhone.ActiveCfg = Release|Any CPU
		{5A30E72A-1953-43ED-BC43-40330ABEE696}.Release|iPhone.Build.0 = Release|Any CPU
		{5A30E72A-1953-43ED-BC43-40330ABEE696}.Release|iPhone.Deploy.0 = Release|Any CPU
		{5A30E72A-1953-43ED-BC43-40330ABEE696}.Release|iPhoneSimulator.ActiveCfg = Release|Any CPU
		{5A30E72A-1953-43ED-BC43-40330ABEE696}.Release|iPhoneSimulator.Build.0 = Release|Any CPU
		{5A30E72A-1953-43ED-BC43-40330ABEE696}.Release|iPhoneSimulator.Deploy.0 = Release|Any CPU
	EndGlobalSection
	GlobalSection(SolutionProperties) = preSolution
		HideSolutionNode = FALSE
	EndGlobalSection
	GlobalSection(ExtensibilityGlobals) = postSolution
		SolutionGuid = {32D9F6A0-7DC6-49D8-B6CC-CF5187F4E0A6}
	EndGlobalSection
EndGlobal
